
Microsoft Visual Studio Solution File, Format Version 12.00
# Visual Studio Version 17
VisualStudioVersion = 17.14.36414.22 d17.14
MinimumVisualStudioVersion = 10.0.40219.1
Project("{FAE04EC0-301F-11D3-BF4B-00C04F79EFBC}") = "HoChanMiniGames", "HoChanMiniGames.csproj", "{F995991D-BD33-42C5-8B13-9C1AFD7DE676}"
EndProject
Global
	GlobalSection(SolutionConfigurationPlatforms) = preSolution
		Debug|Any CPU = Debug|Any CPU
		Release|Any CPU = Release|Any CPU
	EndGlobalSection
	GlobalSection(ProjectConfigurationPlatforms) = postSolution
		{F995991D-BD33-42C5-8B13-9C1AFD7DE676}.Debug|Any CPU.ActiveCfg = Debug|Any CPU
		{F995991D-BD33-42C5-8B13-9C1AFD7DE676}.Debug|Any CPU.Build.0 = Debug|Any CPU
		{F995991D-BD33-42C5-8B13-9C1AFD7DE676}.Release|Any CPU.ActiveCfg = Release|Any CPU
		{F995991D-BD33-42C5-8B13-9C1AFD7DE676}.Release|Any CPU.Build.0 = Release|Any CPU
	EndGlobalSection
	GlobalSection(SolutionProperties) = preSolution
		HideSolutionNode = FALSE
	EndGlobalSection
	GlobalSection(ExtensibilityGlobals) = postSolution
		SolutionGuid = {523E6889-1760-4CC3-825F-D19F0255B8F7}
	EndGlobalSection
EndGlobal
